code.anywithyou.com/foundation v0.1.0 h1:2nQUAGXa1AAsVfR4Hzq19PEgagTxA56afVYCXszL3jM=
code.anywithyou.com/foundation v0.1.0/go.mod h1:zlp0K0mMP+zNMToBPo4lwL0zU9aZ0whyIZMDwYbdav4=
code.anywithyou.com/foundationDB v0.1.0/go.mod h1:OFFqXZPJRAE8vF4vWPoAtHKGhClGV6yjH3Fvd/3esHQ=
code.anywithyou.com/tinyApp v0.1.0 h1:SfSBzIXRi5AL23xeRWoHa0h+UJy+2GzfOUkPdCyZcjQ=
code.anywithyou.com/tinyApp v0.1.0/go.mod h1:/vMXX8LCmiNsE0ux8gL8RmxFwIi4lYywfuPG28un8kY=
code.anywithyou.com/tinyGos v0.1.0/go.mod h1:KZR/2odoSM2QG7WAzMBUvNKF787g7N3AdJPyKz6sCzk=
code.anywithyou.com/utils v0.1.0 h1:O3KTMvL7EFkpYgQp28wQXXAlYdRdTOuXuTd5jHBXvUY=
code.anywithyou.com/utils v0.1.0/go.mod h1:ayImfPA0vdrantd7Z01jnrqiD6D5NPShw7haPJSwO0U=
github.com/davecgh/go-spew v1.1.0 h1:ZDRjVQ15GmhC3fiQ8ni8+OwkZQO4DARzQgrnXU1Liz8=
github.com/davecgh/go-spew v1.1.0/go.mod h1:J7Y8YcW2NihsgmVo/mv3lAwl/skON4iLHjSsI+c5H38=
github.com/fsnotify/fsnotify v1.4.7/go.mod h1:jwhsz4b93w/PPRr/qN1Yymfu8t87LnFCMoQvtojpjFo=
github.com/go-redis/redis v6.15.6+incompatible/go.mod h1:NAIEuMOZ/fxfXJIrKDQDz8wamY7mA7PouImQ2Jvg6kA=
github.com/go-stack/stack v1.8.0/go.mod h1:v0f6uXyyMGvRgIKkXu+yp6POWl0qKG85gN/melR3HDY=
github.com/golang/protobuf v1.2.0/go.mod h1:6lQm79b+lXiMfvg/cZm0SGofjICqVBUtrP5yJMmIC1U=
github.com/golang/snappy v0.0.1/go.mod h1:/XxbfmMg8lxefKM7IXC3fBNl/7bRcc72aCRzEWrmP2Q=
github.com/google/go-cmp v0.4.0/go.mod h1:v8dTdLbMG2kIc/vJvl+f65V22dbkXbowE6jgT/gNBxE=
github.com/google/uuid v1.3.0/go.mod h1:TIyPZe4MgqvfeYDBFedMoGGpEw/LqOeaOT+nhxU+yHo=
github.com/gorilla/websocket v1.4.1 h1:q7AeDBpnBk8AogcD4DSag/Ukw/KV+YhzLj2bP5HvKCM=
github.com/gorilla/websocket v1.4.1/go.mod h1:YR8l580nyteQvAITg2hZ9XVh4b55+EU/adAjf1fMHhE=
github.com/hpcloud/tail v1.0.0/go.mod h1:ab1qPbhIpdTxEkNHXyeSf5vhxWSCs/tWer42PpOxQnU=
github.com/onsi/ginkgo v1.6.0/go.mod h1:lLunBs/Ym6LB5Z9jYTR76FiuTmxDTDusOGeTQH+WWjE=
github.com/onsi/ginkgo v1.12.0/go.mod h1:oUhWkIvk5aDxtKvDDuw8gItl8pKl42LzjC9KZE0HfGg=
github.com/onsi/gomega v1.7.1/go.mod h1:XdKZgCCFLUoM/7CFJVPcG8C1xQ1AJ0vpAezJrB7JYyY=
github.com/onsi/gomega v1.9.0/go.mod h1:Ho0h+IUsWyvy1OpqCwxlQ/21gkhVunqlU8fDGcoTdcA=
github.com/pmezard/go-difflib v1.0.0 h1:4DBwDE0NGyQoBHbLQYPwSUPoCMWR5BEzIk/f1lZbAQM=
github.com/pmezard/go-difflib v1.0.0/go.mod h1:iKH77koFhYxTK1pcRnkKkqfTogsbg7gZNVY4sRDYZ/4=
github.com/stretchr/objx v0.1.0/go.mod h1:HFkY916IF+rwdDfMAkV7OtwuqBVzrE8GR6GFx+wExME=
github.com/stretchr/testify v1.4.0/go.mod h1:j7eGeouHqKxXV5pUuKE4zz7dFj8WfuZ+81PSLYec5m4=
github.com/stretchr/testify v1.5.1 h1:nOGnQDM7FYENwehXlg/kFVnos3rEvtKTjRvOWSzb6H4=
github.com/stretchr/testify v1.5.1/go.mod h1:5W2xD1RspED5o8YsWQXVCued0rvSQ+mT+I5cxcmMvtA=
github.com/tidwall/pretty v1.0.1/go.mod h1:XNkn88O1ChpSDQmQeStsy+sBenx6DDtFZJxhVysOjyk=
github.com/xdg/scram v0.0.0-20180814205039-7eeb5667e42c/go.mod h1:lB8K/P019DLNhemzwFU4jHLhdvlE6uDZjXFejJXr49I=
github.com/xdg/stringprep v1.0.0/go.mod h1:Jhud4/sHMO4oL310DaZAKk9ZaJ08SJfe+sJh0HrGL1Y=
github.com/xpwu/go-cmd v0.0.0-20220120085450-0e19f81d7237/go.mod h1:hlID1UUINRJXJSSf1nAsPfLJbSNafd82ouYs0gxvsgM=
github.com/xpwu/go-config v0.0.0-20220120022145-665ba74379f3/go.mod h1:WcIGlQK06FsHcu0NeuQ7bB8bZFkeVvPGwrcKI2aMaFc=
github.com/xpwu/go-config v0.0.0-20220121153622-7b6f40653b1b/go.mod h1:WcIGlQK06FsHcu0NeuQ7bB8bZFkeVvPGwrcKI2aMaFc=
github.com/xpwu/go-httpclient v0.0.0-20220121160550-a00953ba3a2e/go.mod h1:VZnGTITinyZ8lAnQYN/2ZEgCDz5m9ROPrMJjGYuD5rw=
github.com/xpwu/go-log v0.0.0-20220120022843-2cbc01400de4/go.mod h1:qulI7g0Yyd0Wr5RbH5cVEZiGhJISJVgGjwy6HnQaEms=
github.com/xpwu/go-log v0.0.0-20220121154757-1a8eef3685db h1:RYQSooe01Ki1JfeNDAB5R8jNR2LRaO0zmZocod8SiOM=
github.com/xpwu/go-log v0.0.0-20220121154757-1a8eef3685db/go.mod h1:thZXl+ouliDHmuZ8KLz7pAnFu9errw27Vamhv1jA5xE=
github.com/xpwu/go-pipe v0.0.0-20220115063006-dac336d40ac5/go.mod h1:apP02ck3B5eCKc19TTQh+to4iTyeCe8aU8isMv7IuCs=
github.com/xpwu/go-reqid v0.0.0-20220121092940-0d390bc2f5a5/go.mod h1:VG6DraZK8fsAMskvr95aCYppalDEcKO4NnyNz6W8vO4=
github.com/xpwu/go-reqid v0.0.0-20220121111345-9dac6c8cd03c h1:QFtpXTpTS8HHSPyV17g2+RPwifQSjxJKW628o0i77LU=
github.com/xpwu/go-reqid v0.0.0-20220121111345-9dac6c8cd03c/go.mod h1:VG6DraZK8fsAMskvr95aCYppalDEcKO4NnyNz6W8vO4=
github.com/xpwu/go-var v0.0.0-20220113152205-b5706ac3a7dd h1:VfU1P87JWOA8F0wrFo5YhdcceJsviefx/wSGMU/JSaY=
github.com/xpwu/go-var v0.0.0-20220113152205-b5706ac3a7dd/go.mod h1:RZtbOEjZTiu/pho9MAogh9Dd+41XpHb73KuDFpNlqxw=
github.com/xpwu/go-x v0.0.0-20220120021151-4ac8ee529bca/go.mod h1:fbWlT5O1aPLdzOhKnkPFao9E3q5LjQY3GXFnzML6Xz4=
github.com/xpwu/go-xnet v0.0.0-20220120153650-2b224b1315d3/go.mod h1:uyI3T+FpSSBKPHn9TIhqCRVYm8jb6WYe+qo9DuQQ7jE=
go.mongodb.org/mongo-driver v1.1.2/go.mod h1:u7ryQJ+DOzQmeO7zB6MHyr8jkEQvC8vH7qLUO4lqsUM=
golang.org/x/crypto v0.0.0-20190308221718-c2843e01d9a2/go.mod h1:djNgcEr1/C05ACkg1iLfiJU5Ep61QUkGW8qpdssI0+w=
golang.org/x/crypto v0.0.0-20200214034016-1d94cc7ab1c6/go.mod h1:LzIPMQfyMNhhGPhUkYOs5KpL4U8rLKemX1yGLhDgUto=
golang.org/x/net v0.0.0-20180906233101-161cd47e91fd/go.mod h1:mL1N/T3taQHkDXs73rZJwtUhF3w3ftmwwsq0BUmARs4=
golang.org/x/net v0.0.0-20190404232315-eb5bcb51f2a3/go.mod h1:t9HGtf8HONx5eT2rtn7q6eTqICYqUVnKs3thJo3Qplg=
golang.org/x/sync v0.0.0-20180314180146-1d60e4601c6f/go.mod h1:RxMgew5VJxzue5/jJTE5uejpjVlOe/izrB70Jof72aM=
golang.org/x/sync v0.0.0-20190911185100-cd5d95a43a6e h1:vcxGaoTs7kV8m5Np9uUNQin4BrLOthgV7252N8V+FwY=
golang.org/x/sync v0.0.0-20190911185100-cd5d95a43a6e/go.mod h1:RxMgew5VJxzue5/jJTE5uejpjVlOe/izrB70Jof72aM=
golang.org/x/sync v0.0.0-20210220032951-036812b2e83c/go.mod h1:RxMgew5VJxzue5/jJTE5uejpjVlOe/izrB70Jof72aM=
golang.org/x/sys v0.0.0-20180909124046-d0be0721c37e/go.mod h1:STP8DvDyc/dI5b8T5hshtkjS+E42TnysNCUPdjciGhY=
golang.org/x/sys v0.0.0-20190215142949-d0b11bdaac8a/go.mod h1:STP8DvDyc/dI5b8T5hshtkjS+E42TnysNCUPdjciGhY=
golang.org/x/sys v0.0.0-20190412213103-97732733099d/go.mod h1:h1NjWce9XRLGQEsW7wpKNCjG9DtNlClVuFLEZdDNbEs=
golang.org/x/sys v0.0.0-20191120155948-bd437916bb0e/go.mod h1:h1NjWce9XRLGQEsW7wpKNCjG9DtNlClVuFLEZdDNbEs=
golang.org/x/text v0.3.0/go.mod h1:NqM8EUOU14njkJ3fqMW+pc6Ldnwhi/IjpwHt7yyuwOQ=
golang.org/x/xerrors v0.0.0-20190717185122-a985d3407aa7/go.mod h1:I/5z698sn9Ka8TeJc9MKroUUfqBBauWjQqLJ2OPfmY0=
golang.org/x/xerrors v0.0.0-20191204190536-9bdfabe68543/go.mod h1:I/5z698sn9Ka8TeJc9MKroUUfqBBauWjQqLJ2OPfmY0=
gopkg.in/check.v1 v0.0.0-20161208181325-20d25e280405 h1:yhCVgyC4o1eVCa2tZl7eS0r+SDo693bJlVdllGtEeKM=
gopkg.in/check.v1 v0.0.0-20161208181325-20d25e280405/go.mod h1:Co6ibVJAznAaIkqp8huTwlJQCZ016jof/cbN4VW5Yz0=
gopkg.in/fsnotify.v1 v1.4.7/go.mod h1:Tz8NjZHkW78fSQdbUxIjBTcgA1z1m8ZHf0WmKUhAMys=
gopkg.in/tomb.v1 v1.0.0-20141024135613-dd632973f1e7/go.mod h1:dt/ZhP58zS4L8KSrWDmTeBkI65Dw0HsyUHuEVlX15mw=
gopkg.in/yaml.v2 v2.2.2 h1:ZCJp+EgiOT7lHqUV2J862kp8Qj64Jo6az82+3Td9dZw=
gopkg.in/yaml.v2 v2.2.2/go.mod h1:hI93XBmqTisBFMUTm0b8Fm+jr3Dg1NNxqwp+5A1VGuI=
gopkg.in/yaml.v2 v2.2.4 h1:/eiJrUcujPVeJ3xlSWaiNi3uSVmDGBK1pDHUHAnao1I=
gopkg.in/yaml.v2 v2.2.4/go.mod h1:hI93XBmqTisBFMUTm0b8Fm+jr3Dg1NNxqwp+5A1VGuI=
