github.com/davecgh/go-spew v1.1.0 h1:ZDRjVQ15GmhC3fiQ8ni8+OwkZQO4DARzQgrnXU1Liz8=
github.com/davecgh/go-spew v1.1.0/go.mod h1:J7Y8YcW2NihsgmVo/mv3lAwl/skON4iLHjSsI+c5H38=
github.com/google/uuid v1.3.0 h1:t6JiXgmwXMjEs8VusXIJk2BXHsn+wx8BZdTaoZ5fu7I=
github.com/google/uuid v1.3.0/go.mod h1:TIyPZe4MgqvfeYDBFedMoGGpEw/LqOeaOT+nhxU+yHo=
github.com/gorilla/websocket v1.4.1 h1:q7AeDBpnBk8AogcD4DSag/Ukw/KV+YhzLj2bP5HvKCM=
github.com/gorilla/websocket v1.4.1/go.mod h1:YR8l580nyteQvAITg2hZ9XVh4b55+EU/adAjf1fMHhE=
github.com/pmezard/go-difflib v1.0.0 h1:4DBwDE0NGyQoBHbLQYPwSUPoCMWR5BEzIk/f1lZbAQM=
github.com/pmezard/go-difflib v1.0.0/go.mod h1:iKH77koFhYxTK1pcRnkKkqfTogsbg7gZNVY4sRDYZ/4=
github.com/stretchr/objx v0.1.0/go.mod h1:HFkY916IF+rwdDfMAkV7OtwuqBVzrE8GR6GFx+wExME=
github.com/stretchr/testify v1.5.1 h1:nOGnQDM7FYENwehXlg/kFVnos3rEvtKTjRvOWSzb6H4=
github.com/stretchr/testify v1.5.1/go.mod h1:5W2xD1RspED5o8YsWQXVCued0rvSQ+mT+I5cxcmMvtA=
github.com/xpwu/go-cmd v0.0.0-20220120085450-0e19f81d7237 h1:hTJH8tKzC0JIzNacNCwKVzkBa/+LFq7xhXfGXpU/w+c=
github.com/xpwu/go-cmd v0.0.0-20220120085450-0e19f81d7237/go.mod h1:hlID1UUINRJXJSSf1nAsPfLJbSNafd82ouYs0gxvsgM=
github.com/xpwu/go-config v0.0.0-20220120022145-665ba74379f3/go.mod h1:WcIGlQK06FsHcu0NeuQ7bB8bZFkeVvPGwrcKI2aMaFc=
github.com/xpwu/go-config v0.0.0-20220121153622-7b6f40653b1b/go.mod h1:WcIGlQK06FsHcu0NeuQ7bB8bZFkeVvPGwrcKI2aMaFc=
github.com/xpwu/go-config v0.0.0-20221121162603-8bd8c1208363 h1:V1x2gUsSJm3afPOQFr3BjcrDNUHCGXjnS9GTRvkAX8M=
github.com/xpwu/go-config v0.0.0-20221121162603-8bd8c1208363/go.mod h1:ue7Logma7FVdfi6h5ax8tWvZS57ElCss0sXRzG8Ugzg=
github.com/xpwu/go-httpclient v0.0.0-20220212065417-ce9c19c7a4a8 h1:b3chqo6XBOn1atWxZW0EqcRy3yCUA9nb9ONzc0vhAR0=
github.com/xpwu/go-httpclient v0.0.0-20220212065417-ce9c19c7a4a8/go.mod h1:VZnGTITinyZ8lAnQYN/2ZEgCDz5m9ROPrMJjGYuD5rw=
github.com/xpwu/go-log v0.0.0-20220120022843-2cbc01400de4/go.mod h1:qulI7g0Yyd0Wr5RbH5cVEZiGhJISJVgGjwy6HnQaEms=
github.com/xpwu/go-log v0.0.0-20220121154757-1a8eef3685db h1:RYQSooe01Ki1JfeNDAB5R8jNR2LRaO0zmZocod8SiOM=
github.com/xpwu/go-log v0.0.0-20220121154757-1a8eef3685db/go.mod h1:thZXl+ouliDHmuZ8KLz7pAnFu9errw27Vamhv1jA5xE=
github.com/xpwu/go-pipe v0.0.0-20220115063006-dac336d40ac5 h1:htoVwOyr2IMJHtVg7axexOZDHtOt/NTFIa9nCtDmSZc=
github.com/xpwu/go-pipe v0.0.0-20220115063006-dac336d40ac5/go.mod h1:apP02ck3B5eCKc19TTQh+to4iTyeCe8aU8isMv7IuCs=
github.com/xpwu/go-reqid v0.0.0-20220121092940-0d390bc2f5a5/go.mod h1:VG6DraZK8fsAMskvr95aCYppalDEcKO4NnyNz6W8vO4=
github.com/xpwu/go-reqid v0.0.0-20220121111345-9dac6c8cd03c h1:QFtpXTpTS8HHSPyV17g2+RPwifQSjxJKW628o0i77LU=
github.com/xpwu/go-reqid v0.0.0-20220121111345-9dac6c8cd03c/go.mod h1:VG6DraZK8fsAMskvr95aCYppalDEcKO4NnyNz6W8vO4=
github.com/xpwu/go-var v0.0.0-20220113152205-b5706ac3a7dd h1:VfU1P87JWOA8F0wrFo5YhdcceJsviefx/wSGMU/JSaY=
github.com/xpwu/go-var v0.0.0-20220113152205-b5706ac3a7dd/go.mod h1:RZtbOEjZTiu/pho9MAogh9Dd+41XpHb73KuDFpNlqxw=
github.com/xpwu/go-x v0.0.0-20220120021151-4ac8ee529bca/go.mod h1:fbWlT5O1aPLdzOhKnkPFao9E3q5LjQY3GXFnzML6Xz4=
github.com/xpwu/go-x v0.0.0-20221121161745-f29dbe5207e1 h1:l4uK1l5v7WcjKdmtVc/2KrQ0SYWQASfPEVOMnnMHbwM=
github.com/xpwu/go-x v0.0.0-20221121161745-f29dbe5207e1/go.mod h1:fbWlT5O1aPLdzOhKnkPFao9E3q5LjQY3GXFnzML6Xz4=
github.com/xpwu/go-xnet v0.0.0-20220120153650-2b224b1315d3/go.mod h1:uyI3T+FpSSBKPHn9TIhqCRVYm8jb6WYe+qo9DuQQ7jE=
github.com/xpwu/go-xnet v0.0.0-20221121161837-2a055709e0e2 h1:Oy3/Ynazzi5FY1ruMrlPDypnmTKdcXifRM4kTxlVn1Y=
github.com/xpwu/go-xnet v0.0.0-20221121161837-2a055709e0e2/go.mod h1:uyI3T+FpSSBKPHn9TIhqCRVYm8jb6WYe+qo9DuQQ7jE=
github.com/xpwu/go-xnet v0.0.0-20221125143209-aa60a74507ec h1:bthgTlFWTB4fB2bn0ezTv8s7qgRiM5REnPket+JeVao=
github.com/xpwu/go-xnet v0.0.0-20221125143209-aa60a74507ec/go.mod h1:uyI3T+FpSSBKPHn9TIhqCRVYm8jb6WYe+qo9DuQQ7jE=
github.com/xpwu/go-xnet v0.0.0-20221127125254-28191a96f28d h1:Z4uq736UlMjtOPILZJ8G2jbrlZ/kvMetgqLK27KTlk8=
github.com/xpwu/go-xnet v0.0.0-20221127125254-28191a96f28d/go.mod h1:uyI3T+FpSSBKPHn9TIhqCRVYm8jb6WYe+qo9DuQQ7jE=
golang.org/x/sync v0.0.0-20210220032951-036812b2e83c h1:5KslGYwFpkhGh+Q16bwMP3cOontH8FOep7tGV86Y7SQ=
golang.org/x/sync v0.0.0-20210220032951-036812b2e83c/go.mod h1:RxMgew5VJxzue5/jJTE5uejpjVlOe/izrB70Jof72aM=
gopkg.in/check.v1 v0.0.0-20161208181325-20d25e280405/go.mod h1:Co6ibVJAznAaIkqp8huTwlJQCZ016jof/cbN4VW5Yz0=
gopkg.in/yaml.v2 v2.2.2 h1:ZCJp+EgiOT7lHqUV2J862kp8Qj64Jo6az82+3Td9dZw=
gopkg.in/yaml.v2 v2.2.2/go.mod h1:hI93XBmqTisBFMUTm0b8Fm+jr3Dg1NNxqwp+5A1VGuI=
